{
  "object": {
    "pins": [
      {
        "package": "CodeSign",
        "repositoryURL": "https://github.com/x13a/codesign-swift",
        "state": {
          "branch": null,
          "revision": "5f6f028e2c7ae48efe006dded17b0e8d82fb945d",
          "version": "0.1.1"
        }
      },
      {
        "package": "swift-argument-parser",
        "repositoryURL": "https://github.com/apple/swift-argument-parser",
        "state": {
          "branch": null,
          "revision": "e1465042f195f374b94f915ba8ca49de24300a0d",
          "version": "1.0.2"
        }
      }
    ]
  },
  "version": 1
}
